
Microsoft Visual Studio Solution File, Format Version 12.00
# Visual Studio Version 16
VisualStudioVersion = 16.0.28803.352
MinimumVisualStudioVersion = 10.0.40219.1
Project("{FAE04EC0-301F-11D3-BF4B-00C04F79EFBC}") = "ProjetoDa", "ProjetoDa\ProjetoDa.csproj", "{008EAA00-6556-477D-B4E4-093AB4711D4C}"
EndProject
Global
	GlobalSection(SolutionConfigurationPlatforms) = preSolution
		Debug|Any CPU = Debug|Any CPU
		Release|Any CPU = Release|Any CPU
	EndGlobalSection
	GlobalSection(ProjectConfigurationPlatforms) = postSolution
		{008EAA00-6556-477D-B4E4-093AB4711D4C}.Debug|Any CPU.ActiveCfg = Debug|Any CPU
		{008EAA00-6556-477D-B4E4-093AB4711D4C}.Debug|Any CPU.Build.0 = Debug|Any CPU
		{008EAA00-6556-477D-B4E4-093AB4711D4C}.Release|Any CPU.ActiveCfg = Release|Any CPU
		{008EAA00-6556-477D-B4E4-093AB4711D4C}.Release|Any CPU.Build.0 = Release|Any CPU
	EndGlobalSection
	GlobalSection(SolutionProperties) = preSolution
		HideSolutionNode = FALSE
	EndGlobalSection
	GlobalSection(ExtensibilityGlobals) = postSolution
		SolutionGuid = {3C541AE5-B2CB-4F9C-8419-25EF29EE19A2}
	EndGlobalSection
EndGlobal
